
Microsoft Visual Studio Solution File, Format Version 12.00
# Visual Studio Version 17
VisualStudioVersion = 17.6.33829.357
MinimumVisualStudioVersion = 10.0.40219.1
Project("{FAE04EC0-301F-11D3-BF4B-00C04F79EFBC}") = "StringParsing", "StringParsing\StringParsing.csproj", "{6A667498-2877-4711-8D00-6B96EF8FFF4F}"
EndProject
Global
	GlobalSection(SolutionConfigurationPlatforms) = preSolution
		Debug|Any CPU = Debug|Any CPU
		Release|Any CPU = Release|Any CPU
	EndGlobalSection
	GlobalSection(ProjectConfigurationPlatforms) = postSolution
		{6A667498-2877-4711-8D00-6B96EF8FFF4F}.Debug|Any CPU.ActiveCfg = Debug|Any CPU
		{6A667498-2877-4711-8D00-6B96EF8FFF4F}.Debug|Any CPU.Build.0 = Debug|Any CPU
		{6A667498-2877-4711-8D00-6B96EF8FFF4F}.Release|Any CPU.ActiveCfg = Release|Any CPU
		{6A667498-2877-4711-8D00-6B96EF8FFF4F}.Release|Any CPU.Build.0 = Release|Any CPU
	EndGlobalSection
	GlobalSection(SolutionProperties) = preSolution
		HideSolutionNode = FALSE
	EndGlobalSection
	GlobalSection(ExtensibilityGlobals) = postSolution
		SolutionGuid = {CE166295-729D-42FB-ADFE-C508BF416CFC}
	EndGlobalSection
EndGlobal
