
Microsoft Visual Studio Solution File, Format Version 12.00
# Visual Studio Version 17
VisualStudioVersion = 17.6.33829.357
MinimumVisualStudioVersion = 10.0.40219.1
Project("{FAE04EC0-301F-11D3-BF4B-00C04F79EFBC}") = "outParameter", "outParameter\outParameter.csproj", "{24762813-D36F-4D96-B6AA-AF0ED086FD46}"
EndProject
Global
	GlobalSection(SolutionConfigurationPlatforms) = preSolution
		Debug|Any CPU = Debug|Any CPU
		Release|Any CPU = Release|Any CPU
	EndGlobalSection
	GlobalSection(ProjectConfigurationPlatforms) = postSolution
		{24762813-D36F-4D96-B6AA-AF0ED086FD46}.Debug|Any CPU.ActiveCfg = Debug|Any CPU
		{24762813-D36F-4D96-B6AA-AF0ED086FD46}.Debug|Any CPU.Build.0 = Debug|Any CPU
		{24762813-D36F-4D96-B6AA-AF0ED086FD46}.Release|Any CPU.ActiveCfg = Release|Any CPU
		{24762813-D36F-4D96-B6AA-AF0ED086FD46}.Release|Any CPU.Build.0 = Release|Any CPU
	EndGlobalSection
	GlobalSection(SolutionProperties) = preSolution
		HideSolutionNode = FALSE
	EndGlobalSection
	GlobalSection(ExtensibilityGlobals) = postSolution
		SolutionGuid = {BB3F735E-99BE-43C7-8CA4-A55034CA60DD}
	EndGlobalSection
EndGlobal
