
Microsoft Visual Studio Solution File, Format Version 12.00
# Visual Studio Version 17
VisualStudioVersion = 17.6.33829.357
MinimumVisualStudioVersion = 10.0.40219.1
Project("{FAE04EC0-301F-11D3-BF4B-00C04F79EFBC}") = "SplittingStrings", "SplittingStrings\SplittingStrings.csproj", "{DAFA3F4D-81BF-43A3-8FB0-B2EC62A91938}"
EndProject
Global
	GlobalSection(SolutionConfigurationPlatforms) = preSolution
		Debug|Any CPU = Debug|Any CPU
		Release|Any CPU = Release|Any CPU
	EndGlobalSection
	GlobalSection(ProjectConfigurationPlatforms) = postSolution
		{DAFA3F4D-81BF-43A3-8FB0-B2EC62A91938}.Debug|Any CPU.ActiveCfg = Debug|Any CPU
		{DAFA3F4D-81BF-43A3-8FB0-B2EC62A91938}.Debug|Any CPU.Build.0 = Debug|Any CPU
		{DAFA3F4D-81BF-43A3-8FB0-B2EC62A91938}.Release|Any CPU.ActiveCfg = Release|Any CPU
		{DAFA3F4D-81BF-43A3-8FB0-B2EC62A91938}.Release|Any CPU.Build.0 = Release|Any CPU
	EndGlobalSection
	GlobalSection(SolutionProperties) = preSolution
		HideSolutionNode = FALSE
	EndGlobalSection
	GlobalSection(ExtensibilityGlobals) = postSolution
		SolutionGuid = {B36CA4F9-FB61-497D-A76E-E342C575A968}
	EndGlobalSection
EndGlobal
