
Microsoft Visual Studio Solution File, Format Version 12.00
# Visual Studio Version 17
VisualStudioVersion = 17.6.33829.357
MinimumVisualStudioVersion = 10.0.40219.1
Project("{FAE04EC0-301F-11D3-BF4B-00C04F79EFBC}") = "BreakAndContinue", "BreakAndContinue\BreakAndContinue.csproj", "{4E7E1593-B5E7-490B-B786-B3F237D6C31E}"
EndProject
Global
	GlobalSection(SolutionConfigurationPlatforms) = preSolution
		Debug|Any CPU = Debug|Any CPU
		Release|Any CPU = Release|Any CPU
	EndGlobalSection
	GlobalSection(ProjectConfigurationPlatforms) = postSolution
		{4E7E1593-B5E7-490B-B786-B3F237D6C31E}.Debug|Any CPU.ActiveCfg = Debug|Any CPU
		{4E7E1593-B5E7-490B-B786-B3F237D6C31E}.Debug|Any CPU.Build.0 = Debug|Any CPU
		{4E7E1593-B5E7-490B-B786-B3F237D6C31E}.Release|Any CPU.ActiveCfg = Release|Any CPU
		{4E7E1593-B5E7-490B-B786-B3F237D6C31E}.Release|Any CPU.Build.0 = Release|Any CPU
	EndGlobalSection
	GlobalSection(SolutionProperties) = preSolution
		HideSolutionNode = FALSE
	EndGlobalSection
	GlobalSection(ExtensibilityGlobals) = postSolution
		SolutionGuid = {D2F16A29-CB24-4ED3-A755-5D2BBD759732}
	EndGlobalSection
EndGlobal
