
Microsoft Visual Studio Solution File, Format Version 12.00
# Visual Studio Version 16
VisualStudioVersion = 16.0.32901.82
MinimumVisualStudioVersion = 10.0.40219.1
Project("{FAE04EC0-301F-11D3-BF4B-00C04F79EFBC}") = "Calculator2", "Calculator2\Calculator2.csproj", "{EDC5F2BC-F5C8-46FC-AFB5-A36D17E4FC57}"
EndProject
Global
	GlobalSection(SolutionConfigurationPlatforms) = preSolution
		Debug|Any CPU = Debug|Any CPU
		Release|Any CPU = Release|Any CPU
	EndGlobalSection
	GlobalSection(ProjectConfigurationPlatforms) = postSolution
		{EDC5F2BC-F5C8-46FC-AFB5-A36D17E4FC57}.Debug|Any CPU.ActiveCfg = Debug|Any CPU
		{EDC5F2BC-F5C8-46FC-AFB5-A36D17E4FC57}.Debug|Any CPU.Build.0 = Debug|Any CPU
		{EDC5F2BC-F5C8-46FC-AFB5-A36D17E4FC57}.Release|Any CPU.ActiveCfg = Release|Any CPU
		{EDC5F2BC-F5C8-46FC-AFB5-A36D17E4FC57}.Release|Any CPU.Build.0 = Release|Any CPU
	EndGlobalSection
	GlobalSection(SolutionProperties) = preSolution
		HideSolutionNode = FALSE
	EndGlobalSection
	GlobalSection(ExtensibilityGlobals) = postSolution
		SolutionGuid = {54C2D932-D557-4DEC-BEA9-E7A5F8694AB6}
	EndGlobalSection
EndGlobal
