
Microsoft Visual Studio Solution File, Format Version 12.00
# Visual Studio Version 17
VisualStudioVersion = 17.6.33829.357
MinimumVisualStudioVersion = 10.0.40219.1
Project("{FAE04EC0-301F-11D3-BF4B-00C04F79EFBC}") = "CreateClass", "CreateClass\CreateClass.csproj", "{796F4DA8-267C-453B-8D42-CA7F389F4736}"
EndProject
Global
	GlobalSection(SolutionConfigurationPlatforms) = preSolution
		Debug|Any CPU = Debug|Any CPU
		Release|Any CPU = Release|Any CPU
	EndGlobalSection
	GlobalSection(ProjectConfigurationPlatforms) = postSolution
		{796F4DA8-267C-453B-8D42-CA7F389F4736}.Debug|Any CPU.ActiveCfg = Debug|Any CPU
		{796F4DA8-267C-453B-8D42-CA7F389F4736}.Debug|Any CPU.Build.0 = Debug|Any CPU
		{796F4DA8-267C-453B-8D42-CA7F389F4736}.Release|Any CPU.ActiveCfg = Release|Any CPU
		{796F4DA8-267C-453B-8D42-CA7F389F4736}.Release|Any CPU.Build.0 = Release|Any CPU
	EndGlobalSection
	GlobalSection(SolutionProperties) = preSolution
		HideSolutionNode = FALSE
	EndGlobalSection
	GlobalSection(ExtensibilityGlobals) = postSolution
		SolutionGuid = {4B0EAAB1-1788-4050-A215-775265C70BCC}
	EndGlobalSection
EndGlobal
