
Microsoft Visual Studio Solution File, Format Version 12.00
# Visual Studio Version 17
VisualStudioVersion = 17.6.33829.357
MinimumVisualStudioVersion = 10.0.40219.1
Project("{FAE04EC0-301F-11D3-BF4B-00C04F79EFBC}") = "Encapsulation", "Encapsulation\Encapsulation.csproj", "{B98B4309-0D5D-4D4F-8C50-CF106910439E}"
EndProject
Global
	GlobalSection(SolutionConfigurationPlatforms) = preSolution
		Debug|Any CPU = Debug|Any CPU
		Release|Any CPU = Release|Any CPU
	EndGlobalSection
	GlobalSection(ProjectConfigurationPlatforms) = postSolution
		{B98B4309-0D5D-4D4F-8C50-CF106910439E}.Debug|Any CPU.ActiveCfg = Debug|Any CPU
		{B98B4309-0D5D-4D4F-8C50-CF106910439E}.Debug|Any CPU.Build.0 = Debug|Any CPU
		{B98B4309-0D5D-4D4F-8C50-CF106910439E}.Release|Any CPU.ActiveCfg = Release|Any CPU
		{B98B4309-0D5D-4D4F-8C50-CF106910439E}.Release|Any CPU.Build.0 = Release|Any CPU
	EndGlobalSection
	GlobalSection(SolutionProperties) = preSolution
		HideSolutionNode = FALSE
	EndGlobalSection
	GlobalSection(ExtensibilityGlobals) = postSolution
		SolutionGuid = {5FEA9D0B-A98F-43DA-9A7B-E9517C4E42CF}
	EndGlobalSection
EndGlobal
