
Microsoft Visual Studio Solution File, Format Version 12.00
# Visual Studio Version 17
VisualStudioVersion = 17.6.33829.357
MinimumVisualStudioVersion = 10.0.40219.1
Project("{FAE04EC0-301F-11D3-BF4B-00C04F79EFBC}") = "String", "String\String.csproj", "{A363918F-F9FC-49A1-AE28-B2FB5147531C}"
EndProject
Global
	GlobalSection(SolutionConfigurationPlatforms) = preSolution
		Debug|Any CPU = Debug|Any CPU
		Release|Any CPU = Release|Any CPU
	EndGlobalSection
	GlobalSection(ProjectConfigurationPlatforms) = postSolution
		{A363918F-F9FC-49A1-AE28-B2FB5147531C}.Debug|Any CPU.ActiveCfg = Debug|Any CPU
		{A363918F-F9FC-49A1-AE28-B2FB5147531C}.Debug|Any CPU.Build.0 = Debug|Any CPU
		{A363918F-F9FC-49A1-AE28-B2FB5147531C}.Release|Any CPU.ActiveCfg = Release|Any CPU
		{A363918F-F9FC-49A1-AE28-B2FB5147531C}.Release|Any CPU.Build.0 = Release|Any CPU
	EndGlobalSection
	GlobalSection(SolutionProperties) = preSolution
		HideSolutionNode = FALSE
	EndGlobalSection
	GlobalSection(ExtensibilityGlobals) = postSolution
		SolutionGuid = {65AB1F51-E6EF-4197-8CBB-0EDD585D3B42}
	EndGlobalSection
EndGlobal
