
Microsoft Visual Studio Solution File, Format Version 12.00
# Visual Studio Version 17
VisualStudioVersion = 17.6.33829.357
MinimumVisualStudioVersion = 10.0.40219.1
Project("{FAE04EC0-301F-11D3-BF4B-00C04F79EFBC}") = "tuple", "tuple\tuple.csproj", "{50F48EC3-B21D-4625-9C60-4648DC76F473}"
EndProject
Global
	GlobalSection(SolutionConfigurationPlatforms) = preSolution
		Debug|Any CPU = Debug|Any CPU
		Release|Any CPU = Release|Any CPU
	EndGlobalSection
	GlobalSection(ProjectConfigurationPlatforms) = postSolution
		{50F48EC3-B21D-4625-9C60-4648DC76F473}.Debug|Any CPU.ActiveCfg = Debug|Any CPU
		{50F48EC3-B21D-4625-9C60-4648DC76F473}.Debug|Any CPU.Build.0 = Debug|Any CPU
		{50F48EC3-B21D-4625-9C60-4648DC76F473}.Release|Any CPU.ActiveCfg = Release|Any CPU
		{50F48EC3-B21D-4625-9C60-4648DC76F473}.Release|Any CPU.Build.0 = Release|Any CPU
	EndGlobalSection
	GlobalSection(SolutionProperties) = preSolution
		HideSolutionNode = FALSE
	EndGlobalSection
	GlobalSection(ExtensibilityGlobals) = postSolution
		SolutionGuid = {456875F9-751F-42F4-AC59-835250FA1410}
	EndGlobalSection
EndGlobal
