
Microsoft Visual Studio Solution File, Format Version 12.00
# Visual Studio Version 17
VisualStudioVersion = 17.6.33829.357
MinimumVisualStudioVersion = 10.0.40219.1
Project("{FAE04EC0-301F-11D3-BF4B-00C04F79EFBC}") = "Cube2", "Cube2\Cube2.csproj", "{0CC3A810-5171-42DA-A4DB-59028D916053}"
EndProject
Global
	GlobalSection(SolutionConfigurationPlatforms) = preSolution
		Debug|Any CPU = Debug|Any CPU
		Release|Any CPU = Release|Any CPU
	EndGlobalSection
	GlobalSection(ProjectConfigurationPlatforms) = postSolution
		{0CC3A810-5171-42DA-A4DB-59028D916053}.Debug|Any CPU.ActiveCfg = Debug|Any CPU
		{0CC3A810-5171-42DA-A4DB-59028D916053}.Debug|Any CPU.Build.0 = Debug|Any CPU
		{0CC3A810-5171-42DA-A4DB-59028D916053}.Release|Any CPU.ActiveCfg = Release|Any CPU
		{0CC3A810-5171-42DA-A4DB-59028D916053}.Release|Any CPU.Build.0 = Release|Any CPU
	EndGlobalSection
	GlobalSection(SolutionProperties) = preSolution
		HideSolutionNode = FALSE
	EndGlobalSection
	GlobalSection(ExtensibilityGlobals) = postSolution
		SolutionGuid = {67A96F15-34AE-42C4-A752-8609A6965284}
	EndGlobalSection
EndGlobal
