
Microsoft Visual Studio Solution File, Format Version 12.00
# Visual Studio Version 17
VisualStudioVersion = 17.6.33829.357
MinimumVisualStudioVersion = 10.0.40219.1
Project("{FAE04EC0-301F-11D3-BF4B-00C04F79EFBC}") = "CreatingArray", "CreatingArray\CreatingArray.csproj", "{860258A6-29BB-45F2-8282-638E8E1B29E6}"
EndProject
Global
	GlobalSection(SolutionConfigurationPlatforms) = preSolution
		Debug|Any CPU = Debug|Any CPU
		Release|Any CPU = Release|Any CPU
	EndGlobalSection
	GlobalSection(ProjectConfigurationPlatforms) = postSolution
		{860258A6-29BB-45F2-8282-638E8E1B29E6}.Debug|Any CPU.ActiveCfg = Debug|Any CPU
		{860258A6-29BB-45F2-8282-638E8E1B29E6}.Debug|Any CPU.Build.0 = Debug|Any CPU
		{860258A6-29BB-45F2-8282-638E8E1B29E6}.Release|Any CPU.ActiveCfg = Release|Any CPU
		{860258A6-29BB-45F2-8282-638E8E1B29E6}.Release|Any CPU.Build.0 = Release|Any CPU
	EndGlobalSection
	GlobalSection(SolutionProperties) = preSolution
		HideSolutionNode = FALSE
	EndGlobalSection
	GlobalSection(ExtensibilityGlobals) = postSolution
		SolutionGuid = {68D2B53F-1C7A-4AEA-ADC5-379B5904B269}
	EndGlobalSection
EndGlobal
