
Microsoft Visual Studio Solution File, Format Version 12.00
# Visual Studio Version 17
VisualStudioVersion = 17.6.33829.357
MinimumVisualStudioVersion = 10.0.40219.1
Project("{FAE04EC0-301F-11D3-BF4B-00C04F79EFBC}") = "MethodsType", "MethodsType\MethodsType.csproj", "{461755B1-7D6E-4A1C-9CD5-17E98E149EE7}"
EndProject
Global
	GlobalSection(SolutionConfigurationPlatforms) = preSolution
		Debug|Any CPU = Debug|Any CPU
		Release|Any CPU = Release|Any CPU
	EndGlobalSection
	GlobalSection(ProjectConfigurationPlatforms) = postSolution
		{461755B1-7D6E-4A1C-9CD5-17E98E149EE7}.Debug|Any CPU.ActiveCfg = Debug|Any CPU
		{461755B1-7D6E-4A1C-9CD5-17E98E149EE7}.Debug|Any CPU.Build.0 = Debug|Any CPU
		{461755B1-7D6E-4A1C-9CD5-17E98E149EE7}.Release|Any CPU.ActiveCfg = Release|Any CPU
		{461755B1-7D6E-4A1C-9CD5-17E98E149EE7}.Release|Any CPU.Build.0 = Release|Any CPU
	EndGlobalSection
	GlobalSection(SolutionProperties) = preSolution
		HideSolutionNode = FALSE
	EndGlobalSection
	GlobalSection(ExtensibilityGlobals) = postSolution
		SolutionGuid = {A4F3E624-E82B-4BF7-AE0E-C5C8F8A23AD7}
	EndGlobalSection
EndGlobal
