
Microsoft Visual Studio Solution File, Format Version 12.00
# Visual Studio Version 17
VisualStudioVersion = 17.6.33829.357
MinimumVisualStudioVersion = 10.0.40219.1
Project("{FAE04EC0-301F-11D3-BF4B-00C04F79EFBC}") = "Arrays", "Arrays\Arrays.csproj", "{A48B5686-8445-4A3C-8190-600684E54D9A}"
EndProject
Global
	GlobalSection(SolutionConfigurationPlatforms) = preSolution
		Debug|Any CPU = Debug|Any CPU
		Release|Any CPU = Release|Any CPU
	EndGlobalSection
	GlobalSection(ProjectConfigurationPlatforms) = postSolution
		{A48B5686-8445-4A3C-8190-600684E54D9A}.Debug|Any CPU.ActiveCfg = Debug|Any CPU
		{A48B5686-8445-4A3C-8190-600684E54D9A}.Debug|Any CPU.Build.0 = Debug|Any CPU
		{A48B5686-8445-4A3C-8190-600684E54D9A}.Release|Any CPU.ActiveCfg = Release|Any CPU
		{A48B5686-8445-4A3C-8190-600684E54D9A}.Release|Any CPU.Build.0 = Release|Any CPU
	EndGlobalSection
	GlobalSection(SolutionProperties) = preSolution
		HideSolutionNode = FALSE
	EndGlobalSection
	GlobalSection(ExtensibilityGlobals) = postSolution
		SolutionGuid = {B8A3CFBA-85B9-4E6B-8C2A-C44BD3B19890}
	EndGlobalSection
EndGlobal
