
Microsoft Visual Studio Solution File, Format Version 12.00
# Visual Studio Version 17
VisualStudioVersion = 17.6.33829.357
MinimumVisualStudioVersion = 10.0.40219.1
Project("{FAE04EC0-301F-11D3-BF4B-00C04F79EFBC}") = "enumTu", "enumTu\enumTu.csproj", "{80DF2920-8598-4258-80C4-E9353B14BD0D}"
EndProject
Global
	GlobalSection(SolutionConfigurationPlatforms) = preSolution
		Debug|Any CPU = Debug|Any CPU
		Release|Any CPU = Release|Any CPU
	EndGlobalSection
	GlobalSection(ProjectConfigurationPlatforms) = postSolution
		{80DF2920-8598-4258-80C4-E9353B14BD0D}.Debug|Any CPU.ActiveCfg = Debug|Any CPU
		{80DF2920-8598-4258-80C4-E9353B14BD0D}.Debug|Any CPU.Build.0 = Debug|Any CPU
		{80DF2920-8598-4258-80C4-E9353B14BD0D}.Release|Any CPU.ActiveCfg = Release|Any CPU
		{80DF2920-8598-4258-80C4-E9353B14BD0D}.Release|Any CPU.Build.0 = Release|Any CPU
	EndGlobalSection
	GlobalSection(SolutionProperties) = preSolution
		HideSolutionNode = FALSE
	EndGlobalSection
	GlobalSection(ExtensibilityGlobals) = postSolution
		SolutionGuid = {C55C369B-CA37-4ECA-89A7-F85500C2E38A}
	EndGlobalSection
EndGlobal
