
Microsoft Visual Studio Solution File, Format Version 12.00
# Visual Studio Version 16
VisualStudioVersion = 16.0.32901.82
MinimumVisualStudioVersion = 10.0.40219.1
Project("{FAE04EC0-301F-11D3-BF4B-00C04F79EFBC}") = "Polymorphism", "Polymorphism\Polymorphism.csproj", "{C1DAB9DF-D84B-4217-A6D1-7BFA6E2D245E}"
EndProject
Global
	GlobalSection(SolutionConfigurationPlatforms) = preSolution
		Debug|Any CPU = Debug|Any CPU
		Release|Any CPU = Release|Any CPU
	EndGlobalSection
	GlobalSection(ProjectConfigurationPlatforms) = postSolution
		{C1DAB9DF-D84B-4217-A6D1-7BFA6E2D245E}.Debug|Any CPU.ActiveCfg = Debug|Any CPU
		{C1DAB9DF-D84B-4217-A6D1-7BFA6E2D245E}.Debug|Any CPU.Build.0 = Debug|Any CPU
		{C1DAB9DF-D84B-4217-A6D1-7BFA6E2D245E}.Release|Any CPU.ActiveCfg = Release|Any CPU
		{C1DAB9DF-D84B-4217-A6D1-7BFA6E2D245E}.Release|Any CPU.Build.0 = Release|Any CPU
	EndGlobalSection
	GlobalSection(SolutionProperties) = preSolution
		HideSolutionNode = FALSE
	EndGlobalSection
	GlobalSection(ExtensibilityGlobals) = postSolution
		SolutionGuid = {64AEADC0-9048-4E02-9AB5-B8CF927564F4}
	EndGlobalSection
EndGlobal
